
Microsoft Visual Studio Solution File, Format Version 12.00
# Visual Studio Version 17
VisualStudioVersion = 17.9.34723.18
MinimumVisualStudioVersion = 10.0.40219.1
Project("{FAE04EC0-301F-11D3-BF4B-00C04F79EFBC}") = "cat.itb.M6UF2Pr_RequenaEric", "cat.itb.M6UF2Pr_RequenaEric\cat.itb.M6UF2Pr_RequenaEric.csproj", "{A762A907-D54C-418D-9CFF-0B0498C91030}"
EndProject
Global
	GlobalSection(SolutionConfigurationPlatforms) = preSolution
		Debug|Any CPU = Debug|Any CPU
		Release|Any CPU = Release|Any CPU
	EndGlobalSection
	GlobalSection(ProjectConfigurationPlatforms) = postSolution
		{A762A907-D54C-418D-9CFF-0B0498C91030}.Debug|Any CPU.ActiveCfg = Debug|Any CPU
		{A762A907-D54C-418D-9CFF-0B0498C91030}.Debug|Any CPU.Build.0 = Debug|Any CPU
		{A762A907-D54C-418D-9CFF-0B0498C91030}.Release|Any CPU.ActiveCfg = Release|Any CPU
		{A762A907-D54C-418D-9CFF-0B0498C91030}.Release|Any CPU.Build.0 = Release|Any CPU
	EndGlobalSection
	GlobalSection(SolutionProperties) = preSolution
		HideSolutionNode = FALSE
	EndGlobalSection
	GlobalSection(ExtensibilityGlobals) = postSolution
		SolutionGuid = {085F2236-8FF8-4616-A164-01A5D23834B7}
	EndGlobalSection
EndGlobal
